
Microsoft Visual Studio Solution File, Format Version 12.00
# Visual Studio Version 17
VisualStudioVersion = 17.0.32014.148
MinimumVisualStudioVersion = 10.0.40219.1
Project("{2150E333-8FDC-42A3-9474-1A3956D46DE8}") = "src", "src", "{502C7BF9-0688-4EB0-ADDE-BE35C207FA89}"
EndProject
Project("{2150E333-8FDC-42A3-9474-1A3956D46DE8}") = "scripts", "scripts", "{36299EA3-0F57-4055-A034-B5AD529F0758}"
	ProjectSection(SolutionItems) = preProject
		Directory.Build.props = Directory.Build.props
		EPAM.Trainings.ruleset = EPAM.Trainings.ruleset
		nuget.config = nuget.config
		stylecop.json = stylecop.json
	EndProjectSection
EndProject
Project("{9A19103F-16F7-4668-BE54-9A1E7A4F7556}") = "TransducerServer.MVC", "src\TransducerServer.MVC\TransducerServer.MVC.csproj", "{735EEAD1-5E07-4545-85FC-3B65DF676C1D}"
EndProject
Global
	GlobalSection(SolutionConfigurationPlatforms) = preSolution
		Debug|Any CPU = Debug|Any CPU
		Release|Any CPU = Release|Any CPU
	EndGlobalSection
	GlobalSection(ProjectConfigurationPlatforms) = postSolution
		{735EEAD1-5E07-4545-85FC-3B65DF676C1D}.Debug|Any CPU.ActiveCfg = Debug|Any CPU
		{735EEAD1-5E07-4545-85FC-3B65DF676C1D}.Debug|Any CPU.Build.0 = Debug|Any CPU
		{735EEAD1-5E07-4545-85FC-3B65DF676C1D}.Release|Any CPU.ActiveCfg = Release|Any CPU
		{735EEAD1-5E07-4545-85FC-3B65DF676C1D}.Release|Any CPU.Build.0 = Release|Any CPU
	EndGlobalSection
	GlobalSection(SolutionProperties) = preSolution
		HideSolutionNode = FALSE
	EndGlobalSection
	GlobalSection(NestedProjects) = preSolution
		{735EEAD1-5E07-4545-85FC-3B65DF676C1D} = {502C7BF9-0688-4EB0-ADDE-BE35C207FA89}
	EndGlobalSection
	GlobalSection(ExtensibilityGlobals) = postSolution
		SolutionGuid = {8FCBA386-043C-4C32-82A6-14ABB78C7FEC}
	EndGlobalSection
EndGlobal
